
Microsoft Visual Studio Solution File, Format Version 12.00
# Visual Studio Version 16
VisualStudioVersion = 16.0.33423.256
MinimumVisualStudioVersion = 10.0.40219.1
Project("{FAE04EC0-301F-11D3-BF4B-00C04F79EFBC}") = "wpfAppProj", "wpfAppProj\wpfAppProj.csproj", "{269E03AF-252E-4C5F-BE14-CC4601FF7423}"
EndProject
Global
	GlobalSection(SolutionConfigurationPlatforms) = preSolution
		Debug|Any CPU = Debug|Any CPU
		Release|Any CPU = Release|Any CPU
	EndGlobalSection
	GlobalSection(ProjectConfigurationPlatforms) = postSolution
		{269E03AF-252E-4C5F-BE14-CC4601FF7423}.Debug|Any CPU.ActiveCfg = Debug|Any CPU
		{269E03AF-252E-4C5F-BE14-CC4601FF7423}.Debug|Any CPU.Build.0 = Debug|Any CPU
		{269E03AF-252E-4C5F-BE14-CC4601FF7423}.Release|Any CPU.ActiveCfg = Release|Any CPU
		{269E03AF-252E-4C5F-BE14-CC4601FF7423}.Release|Any CPU.Build.0 = Release|Any CPU
	EndGlobalSection
	GlobalSection(SolutionProperties) = preSolution
		HideSolutionNode = FALSE
	EndGlobalSection
	GlobalSection(ExtensibilityGlobals) = postSolution
		SolutionGuid = {0169809A-38AA-4A94-9AEE-E8209AE925B6}
	EndGlobalSection
EndGlobal
